
Microsoft Visual Studio Solution File, Format Version 12.00
# Visual Studio Version 17
VisualStudioVersion = 17.14.36705.20
MinimumVisualStudioVersion = 10.0.40219.1
Project("{2150E333-8FDC-42A3-9474-1A3956D46DE8}") = "Presentation", "Presentation", "{02EA681E-C7D8-13C7-8484-4AC65E1B71E8}"
EndProject
Project("{FAE04EC0-301F-11D3-BF4B-00C04F79EFBC}") = "ReservationSystem.Api", "ReservationSystem.Api\ReservationSystem.Api.csproj", "{90B19A31-FA7F-4A73-B4C5-6F03A2EC5714}"
EndProject
Global
	GlobalSection(SolutionConfigurationPlatforms) = preSolution
		Debug|Any CPU = Debug|Any CPU
		Release|Any CPU = Release|Any CPU
	EndGlobalSection
	GlobalSection(ProjectConfigurationPlatforms) = postSolution
		{90B19A31-FA7F-4A73-B4C5-6F03A2EC5714}.Debug|Any CPU.ActiveCfg = Debug|Any CPU
		{90B19A31-FA7F-4A73-B4C5-6F03A2EC5714}.Debug|Any CPU.Build.0 = Debug|Any CPU
		{90B19A31-FA7F-4A73-B4C5-6F03A2EC5714}.Release|Any CPU.ActiveCfg = Release|Any CPU
		{90B19A31-FA7F-4A73-B4C5-6F03A2EC5714}.Release|Any CPU.Build.0 = Release|Any CPU
	EndGlobalSection
	GlobalSection(SolutionProperties) = preSolution
		HideSolutionNode = FALSE
	EndGlobalSection
	GlobalSection(NestedProjects) = preSolution
		{90B19A31-FA7F-4A73-B4C5-6F03A2EC5714} = {02EA681E-C7D8-13C7-8484-4AC65E1B71E8}
	EndGlobalSection
	GlobalSection(ExtensibilityGlobals) = postSolution
		SolutionGuid = {5E778D62-FB1A-42C9-9BED-420E501A6EEF}
	EndGlobalSection
EndGlobal
